// !$*UTF8*$!
{
	archiveVersion = 1;
	classes = {
	};
	objectVersion = 77;
	objects = {

/* Begin PBXBuildFile section */
		151730BB2F32731600B74B0A /* SwiftyJSON in Frameworks */ = {isa = PBXBuildFile; productRef = 151730BA2F32731600B74B0A /* SwiftyJSON */; };
		151730BD2F32732300B74B0A /* SDWebImage in Frameworks */ = {isa = PBXBuildFile; productRef = 151730BC2F32732300B74B0A /* SDWebImage */; };
		151730BF2F32732700B74B0A /* SDWebImageMapKit in Frameworks */ = {isa = PBXBuildFile; productRef = 151730BE2F32732700B74B0A /* SDWebImageMapKit */; };
/* End PBXBuildFile section */

/* Begin PBXContainerItemProxy section */
		1517307E2F3265C000B74B0A /* PBXContainerItemProxy */ = {
			isa = PBXContainerItemProxy;
			containerPortal = 1517305F2F3265BF00B74B0A /* Project object */;
			proxyType = 1;
			remoteGlobalIDString = 151730662F3265BF00B74B0A;
			remoteInfo = MoviaAppTest;
		};
		151730882F3265C000B74B0A /* PBXContainerItemProxy */ = {
			isa = PBXContainerItemProxy;
			containerPortal = 1517305F2F3265BF00B74B0A /* Project object */;
			proxyType = 1;
			remoteGlobalIDString = 151730662F3265BF00B74B0A;
			remoteInfo = MoviaAppTest;
		};
/* End PBXContainerItemProxy section */

/* Begin PBXFileReference section */
		151730672F3265BF00B74B0A /* MoviaAppTest.app */ = {isa = PBXFileReference; explicitFileType = wrapper.application; includeInIndex = 0; path = MoviaAppTest.app; sourceTree = BUILT_PRODUCTS_DIR; };
		1517307D2F3265C000B74B0A /* MoviaAppTestTests.xctest */ = {isa = PBXFileReference; explicitFileType = wrapper.cfbundle; includeInIndex = 0; path = MoviaAppTestTests.xctest; sourceTree = BUILT_PRODUCTS_DIR; };
		151730872F3265C000B74B0A /* MoviaAppTestUITests.xctest */ = {isa = PBXFileReference; explicitFileType = wrapper.cfbundle; includeInIndex = 0; path = MoviaAppTestUITests.xctest; sourceTree = BUILT_PRODUCTS_DIR; };
/* End PBXFileReference section */

/* Begin PBXFileSystemSynchronizedBuildFileExceptionSet section */
		1517308F2F3265C000B74B0A /* Exceptions for "MoviaAppTest" folder in "MoviaAppTest" target */ = {
			isa = PBXFileSystemSynchronizedBuildFileExceptionSet;
			membershipExceptions = (
				Info.plist,
			);
			target = 151730662F3265BF00B74B0A /* MoviaAppTest */;
		};
/* End PBXFileSystemSynchronizedBuildFileExceptionSet section */

/* Begin PBXFileSystemSynchronizedRootGroup section */
		151730692F3265BF00B74B0A /* MoviaAppTest */ = {
			isa = PBXFileSystemSynchronizedRootGroup;
			exceptions = (
				1517308F2F3265C000B74B0A /* Exceptions for "MoviaAppTest" folder in "MoviaAppTest" target */,
			);
			path = MoviaAppTest;
			sourceTree = "<group>";
		};
		151730802F3265C000B74B0A /* MoviaAppTestTests */ = {
			isa = PBXFileSystemSynchronizedRootGroup;
			path = MoviaAppTestTests;
			sourceTree = "<group>";
		};
		1517308A2F3265C000B74B0A /* MoviaAppTestUITests */ = {
			isa = PBXFileSystemSynchronizedRootGroup;
			path = MoviaAppTestUITests;
			sourceTree = "<group>";
		};
/* End PBXFileSystemSynchronizedRootGroup section */

/* Begin PBXFrameworksBuildPhase section */
		151730642F3265BF00B74B0A /* Frameworks */ = {
			isa = PBXFrameworksBuildPhase;
			buildActionMask = 2147483647;
			files = (
				151730BD2F32732300B74B0A /* SDWebImage in Frameworks */,
				151730BF2F32732700B74B0A /* SDWebImageMapKit in Frameworks */,
				151730BB2F32731600B74B0A /* SwiftyJSON in Frameworks */,
			);
			runOnlyForDeploymentPostprocessing = 0;
		};
		1517307A2F3265C000B74B0A /* Frameworks */ = {
			isa = PBXFrameworksBuildPhase;
			buildActionMask = 2147483647;
			files = (
			);
			runOnlyForDeploymentPostprocessing = 0;
		};
		151730842F3265C000B74B0A /* Frameworks */ = {
			isa = PBXFrameworksBuildPhase;
			buildActionMask = 2147483647;
			files = (
			);
			runOnlyForDeploymentPostprocessing = 0;
		};
/* End PBXFrameworksBuildPhase section */

/* Begin PBXGroup section */
		1517305E2F3265BF00B74B0A = {
			isa = PBXGroup;
			children = (
				151730692F3265BF00B74B0A /* MoviaAppTest */,
				151730802F3265C000B74B0A /* MoviaAppTestTests */,
				1517308A2F3265C000B74B0A /* MoviaAppTestUITests */,
				151730B92F32730800B74B0A /* Frameworks */,
				151730682F3265BF00B74B0A /* Products */,
			);
			sourceTree = "<group>";
		};
		151730682F3265BF00B74B0A /* Products */ = {
			isa = PBXGroup;
			children = (
				151730672F3265BF00B74B0A /* MoviaAppTest.app */,
				1517307D2F3265C000B74B0A /* MoviaAppTestTests.xctest */,
				151730872F3265C000B74B0A /* MoviaAppTestUITests.xctest */,
			);
			name = Products;
			sourceTree = "<group>";
		};
		151730B92F32730800B74B0A /* Frameworks */ = {
			isa = PBXGroup;
			children = (
			);
			name = Frameworks;
			sourceTree = "<group>";
		};
/* End PBXGroup section */

/* Begin PBXNativeTarget section */
		151730662F3265BF00B74B0A /* MoviaAppTest */ = {
			isa = PBXNativeTarget;
			buildConfigurationList = 151730902F3265C000B74B0A /* Build configuration list for PBXNativeTarget "MoviaAppTest" */;
			buildPhases = (
				151730632F3265BF00B74B0A /* Sources */,
				151730642F3265BF00B74B0A /* Frameworks */,
				151730652F3265BF00B74B0A /* Resources */,
			);
			buildRules = (
			);
			dependencies = (
			);
			fileSystemSynchronizedGroups = (
				151730692F3265BF00B74B0A /* MoviaAppTest */,
			);
			name = MoviaAppTest;
			packageProductDependencies = (
				151730BA2F32731600B74B0A /* SwiftyJSON */,
				151730BC2F32732300B74B0A /* SDWebImage */,
				151730BE2F32732700B74B0A /* SDWebImageMapKit */,
			);
			productName = MoviaAppTest;
			productReference = 151730672F3265BF00B74B0A /* MoviaAppTest.app */;
			productType = "com.apple.product-type.application";
		};
		1517307C2F3265C000B74B0A /* MoviaAppTestTests */ = {
			isa = PBXNativeTarget;
			buildConfigurationList = 151730952F3265C000B74B0A /* Build configuration list for PBXNativeTarget "MoviaAppTestTests" */;
			buildPhases = (
				151730792F3265C000B74B0A /* Sources */,
				1517307A2F3265C000B74B0A /* Frameworks */,
				1517307B2F3265C000B74B0A /* Resources */,
			);
			buildRules = (
			);
			dependencies = (
				1517307F2F3265C000B74B0A /* PBXTargetDependency */,
			);
			fileSystemSynchronizedGroups = (
				151730802F3265C000B74B0A /* MoviaAppTestTests */,
			);
			name = MoviaAppTestTests;
			packageProductDependencies = (
			);
			productName = MoviaAppTestTests;
			productReference = 1517307D2F3265C000B74B0A /* MoviaAppTestTests.xctest */;
			productType = "com.apple.product-type.bundle.unit-test";
		};
		151730862F3265C000B74B0A /* MoviaAppTestUITests */ = {
			isa = PBXNativeTarget;
			buildConfigurationList = 151730982F3265C000B74B0A /* Build configuration list for PBXNativeTarget "MoviaAppTestUITests" */;
			buildPhases = (
				151730832F3265C000B74B0A /* Sources */,
				151730842F3265C000B74B0A /* Frameworks */,
				151730852F3265C000B74B0A /* Resources */,
			);
			buildRules = (
			);
			dependencies = (
				151730892F3265C000B74B0A /* PBXTargetDependency */,
			);
			fileSystemSynchronizedGroups = (
				1517308A2F3265C000B74B0A /* MoviaAppTestUITests */,
			);
			name = MoviaAppTestUITests;
			packageProductDependencies = (
			);
			productName = MoviaAppTestUITests;
			productReference = 151730872F3265C000B74B0A /* MoviaAppTestUITests.xctest */;
			productType = "com.apple.product-type.bundle.ui-testing";
		};
/* End PBXNativeTarget section */

/* Begin PBXProject section */
		1517305F2F3265BF00B74B0A /* Project object */ = {
			isa = PBXProject;
			attributes = {
				BuildIndependentTargetsInParallel = 1;
				LastSwiftUpdateCheck = 1640;
				LastUpgradeCheck = 1640;
				TargetAttributes = {
					151730662F3265BF00B74B0A = {
						CreatedOnToolsVersion = 16.4;
					};
					1517307C2F3265C000B74B0A = {
						CreatedOnToolsVersion = 16.4;
						TestTargetID = 151730662F3265BF00B74B0A;
					};
					151730862F3265C000B74B0A = {
						CreatedOnToolsVersion = 16.4;
						TestTargetID = 151730662F3265BF00B74B0A;
					};
				};
			};
			buildConfigurationList = 151730622F3265BF00B74B0A /* Build configuration list for PBXProject "MoviaAppTest" */;
			developmentRegion = en;
			hasScannedForEncodings = 0;
			knownRegions = (
				en,
				Base,
			);
			mainGroup = 1517305E2F3265BF00B74B0A;
			minimizedProjectReferenceProxies = 1;
			packageReferences = (
				1517309B2F32663A00B74B0A /* XCRemoteSwiftPackageReference "SwiftyJSON" */,
				1517309D2F32668600B74B0A /* XCRemoteSwiftPackageReference "SDWebImage" */,
			);
			preferredProjectObjectVersion = 77;
			productRefGroup = 151730682F3265BF00B74B0A /* Products */;
			projectDirPath = "";
			projectRoot = "";
			targets = (
				151730662F3265BF00B74B0A /* MoviaAppTest */,
				1517307C2F3265C000B74B0A /* MoviaAppTestTests */,
				151730862F3265C000B74B0A /* MoviaAppTestUITests */,
			);
		};
/* End PBXProject section */

/* Begin PBXResourcesBuildPhase section */
		151730652F3265BF00B74B0A /* Resources */ = {
			isa = PBXResourcesBuildPhase;
			buildActionMask = 2147483647;
			files = (
			);
			runOnlyForDeploymentPostprocessing = 0;
		};
		1517307B2F3265C000B74B0A /* Resources */ = {
			isa = PBXResourcesBuildPhase;
			buildActionMask = 2147483647;
			files = (
			);
			runOnlyForDeploymentPostprocessing = 0;
		};
		151730852F3265C000B74B0A /* Resources */ = {
			isa = PBXResourcesBuildPhase;
			buildActionMask = 2147483647;
			files = (
			);
			runOnlyForDeploymentPostprocessing = 0;
		};
/* End PBXResourcesBuildPhase section */

/* Begin PBXSourcesBuildPhase section */
		151730632F3265BF00B74B0A /* Sources */ = {
			isa = PBXSourcesBuildPhase;
			buildActionMask = 2147483647;
			files = (
			);
			runOnlyForDeploymentPostprocessing = 0;
		};
		151730792F3265C000B74B0A /* Sources */ = {
			isa = PBXSourcesBuildPhase;
			buildActionMask = 2147483647;
			files = (
			);
			runOnlyForDeploymentPostprocessing = 0;
		};
		151730832F3265C000B74B0A /* Sources */ = {
			isa = PBXSourcesBuildPhase;
			buildActionMask = 2147483647;
			files = (
			);
			runOnlyForDeploymentPostprocessing = 0;
		};
/* End PBXSourcesBuildPhase section */

/* Begin PBXTargetDependency section */
		1517307F2F3265C000B74B0A /* PBXTargetDependency */ = {
			isa = PBXTargetDependency;
			target = 151730662F3265BF00B74B0A /* MoviaAppTest */;
			targetProxy = 1517307E2F3265C000B74B0A /* PBXContainerItemProxy */;
		};
		151730892F3265C000B74B0A /* PBXTargetDependency */ = {
			isa = PBXTargetDependency;
			target = 151730662F3265BF00B74B0A /* MoviaAppTest */;
			targetProxy = 151730882F3265C000B74B0A /* PBXContainerItemProxy */;
		};
/* End PBXTargetDependency section */

/* Begin XCBuildConfiguration section */
		151730912F3265C000B74B0A /* Debug */ = {
			isa = XCBuildConfiguration;
			buildSettings = {
				ASSETCATALOG_COMPILER_APPICON_NAME = AppIcon;
				ASSETCATALOG_COMPILER_GLOBAL_ACCENT_COLOR_NAME = AccentColor;
				CODE_SIGN_STYLE = Automatic;
				CURRENT_PROJECT_VERSION = 1;
				GENERATE_INFOPLIST_FILE = YES;
				INFOPLIST_FILE = MoviaAppTest/Info.plist;
				INFOPLIST_KEY_UIApplicationSupportsIndirectInputEvents = YES;
				INFOPLIST_KEY_UILaunchStoryboardName = LaunchScreen;
				INFOPLIST_KEY_UIMainStoryboardFile = Main;
				INFOPLIST_KEY_UISupportedInterfaceOrientations_iPad = "UIInterfaceOrientationPortrait UIInterfaceOrientationPortraitUpsideDown UIInterfaceOrientationLandscapeLeft UIInterfaceOrientationLandscapeRight";
				INFOPLIST_KEY_UISupportedInterfaceOrientations_iPhone = "UIInterfaceOrientationPortrait UIInterfaceOrientationLandscapeLeft UIInterfaceOrientationLandscapeRight";
				IPHONEOS_DEPLOYMENT_TARGET = 14;
				LD_RUNPATH_SEARCH_PATHS = (
					"$(inherited)",
					"@executable_path/Frameworks",
				);
				MARKETING_VERSION = 1.0;
				PRODUCT_BUNDLE_IDENTIFIER = com.test.app.MoviaAppTest;
				PRODUCT_NAME = "$(TARGET_NAME)";
				SUPPORTED_PLATFORMS = "iphoneos iphonesimulator";
				SUPPORTS_MACCATALYST = NO;
				SUPPORTS_MAC_DESIGNED_FOR_IPHONE_IPAD = NO;
				SUPPORTS_XR_DESIGNED_FOR_IPHONE_IPAD = NO;
				SWIFT_EMIT_LOC_STRINGS = YES;
				SWIFT_VERSION = 5.0;
				TARGETED_DEVICE_FAMILY = 1;
			};
			name = Debug;
		};
		151730922F3265C000B74B0A /* Release */ = {
			isa = XCBuildConfiguration;
			buildSettings = {
				ASSETCATALOG_COMPILER_APPICON_NAME = AppIcon;
				ASSETCATALOG_COMPILER_GLOBAL_ACCENT_COLOR_NAME = AccentColor;
				CODE_SIGN_STYLE = Automatic;
				CURRENT_PROJECT_VERSION = 1;
				GENERATE_INFOPLIST_FILE = YES;
				INFOPLIST_FILE = MoviaAppTest/Info.plist;
				INFOPLIST_KEY_UIApplicationSupportsIndirectInputEvents = YES;
				INFOPLIST_KEY_UILaunchStoryboardName = LaunchScreen;
				INFOPLIST_KEY_UIMainStoryboardFile = Main;
				INFOPLIST_KEY_UISupportedInterfaceOrientations_iPad = "UIInterfaceOrientationPortrait UIInterfaceOrientationPortraitUpsideDown UIInterfaceOrientationLandscapeLeft UIInterfaceOrientationLandscapeRight";
				INFOPLIST_KEY_UISupportedInterfaceOrientations_iPhone = "UIInterfaceOrientationPortrait UIInterfaceOrientationLandscapeLeft UIInterfaceOrientationLandscapeRight";
				IPHONEOS_DEPLOYMENT_TARGET = 14;
				LD_RUNPATH_SEARCH_PATHS = (
					"$(inherited)",
					"@executable_path/Frameworks",
				);
				MARKETING_VERSION = 1.0;
				PRODUCT_BUNDLE_IDENTIFIER = com.test.app.MoviaAppTest;
				PRODUCT_NAME = "$(TARGET_NAME)";
				SUPPORTED_PLATFORMS = "iphoneos iphonesimulator";
				SUPPORTS_MACCATALYST = NO;
				SUPPORTS_MAC_DESIGNED_FOR_IPHONE_IPAD = NO;
				SUPPORTS_XR_DESIGNED_FOR_IPHONE_IPAD = NO;
				SWIFT_EMIT_LOC_STRINGS = YES;
				SWIFT_VERSION = 5.0;
				TARGETED_DEVICE_FAMILY = 1;
			};
			name = Release;
		};
		151730932F3265C000B74B0A /* Debug */ = {
			isa = XCBuildConfiguration;
			buildSettings = {
				ALWAYS_SEARCH_USER_PATHS = NO;
				ASSETCATALOG_COMPILER_GENERATE_SWIFT_ASSET_SYMBOL_EXTENSIONS = YES;
				CLANG_ANALYZER_NONNULL = YES;
				CLANG_ANALYZER_NUMBER_OBJECT_CONVERSION = YES_AGGRESSIVE;
				CLANG_CXX_LANGUAGE_STANDARD = "gnu++20";
				CLANG_ENABLE_MODULES = YES;
				CLANG_ENABLE_OBJC_ARC = YES;
				CLANG_ENABLE_OBJC_WEAK = YES;
				CLANG_WARN_BLOCK_CAPTURE_AUTORELEASING = YES;
				CLANG_WARN_BOOL_CONVERSION = YES;
				CLANG_WARN_COMMA = YES;
				CLANG_WARN_CONSTANT_CONVERSION = YES;
				CLANG_WARN_DEPRECATED_OBJC_IMPLEMENTATIONS = YES;
				CLANG_WARN_DIRECT_OBJC_ISA_USAGE = YES_ERROR;
				CLANG_WARN_DOCUMENTATION_COMMENTS = YES;
				CLANG_WARN_EMPTY_BODY = YES;
				CLANG_WARN_ENUM_CONVERSION = YES;
				CLANG_WARN_INFINITE_RECURSION = YES;
				CLANG_WARN_INT_CONVERSION = YES;
				CLANG_WARN_NON_LITERAL_NULL_CONVERSION = YES;
				CLANG_WARN_OBJC_IMPLICIT_RETAIN_SELF = YES;
				CLANG_WARN_OBJC_LITERAL_CONVERSION = YES;
				CLANG_WARN_OBJC_ROOT_CLASS = YES_ERROR;
				CLANG_WARN_QUOTED_INCLUDE_IN_FRAMEWORK_HEADER = YES;
				CLANG_WARN_RANGE_LOOP_ANALYSIS = YES;
				CLANG_WARN_STRICT_PROTOTYPES = YES;
				CLANG_WARN_SUSPICIOUS_MOVE = YES;
				CLANG_WARN_UNGUARDED_AVAILABILITY = YES_AGGRESSIVE;
				CLANG_WARN_UNREACHABLE_CODE = YES;
				CLANG_WARN__DUPLICATE_METHOD_MATCH = YES;
				COPY_PHASE_STRIP = NO;
				DEBUG_INFORMATION_FORMAT = dwarf;
				ENABLE_STRICT_OBJC_MSGSEND = YES;
				ENABLE_TESTABILITY = YES;
				ENABLE_USER_SCRIPT_SANDBOXING = YES;
				GCC_C_LANGUAGE_STANDARD = gnu17;
				GCC_DYNAMIC_NO_PIC = NO;
				GCC_NO_COMMON_BLOCKS = YES;
				GCC_OPTIMIZATION_LEVEL = 0;
				GCC_PREPROCESSOR_DEFINITIONS = (
					"DEBUG=1",
					"$(inherited)",
				);
				GCC_WARN_64_TO_32_BIT_CONVERSION = YES;
				GCC_WARN_ABOUT_RETURN_TYPE = YES_ERROR;
				GCC_WARN_UNDECLARED_SELECTOR = YES;
				GCC_WARN_UNINITIALIZED_AUTOS = YES_AGGRESSIVE;
				GCC_WARN_UNUSED_FUNCTION = YES;
				GCC_WARN_UNUSED_VARIABLE = YES;
				IPHONEOS_DEPLOYMENT_TARGET = 18.5;
				LOCALIZATION_PREFERS_STRING_CATALOGS = YES;
				MTL_ENABLE_DEBUG_INFO = INCLUDE_SOURCE;
				MTL_FAST_MATH = YES;
				ONLY_ACTIVE_ARCH = YES;
				SDKROOT = iphoneos;
				SWIFT_ACTIVE_COMPILATION_CONDITIONS = "DEBUG $(inherited)";
				SWIFT_OPTIMIZATION_LEVEL = "-Onone";
			};
			name = Debug;
		};
		151730942F3265C000B74B0A /* Release */ = {
			isa = XCBuildConfiguration;
			buildSettings = {
				ALWAYS_SEARCH_USER_PATHS = NO;
				ASSETCATALOG_COMPILER_GENERATE_SWIFT_ASSET_SYMBOL_EXTENSIONS = YES;
				CLANG_ANALYZER_NONNULL = YES;
				CLANG_ANALYZER_NUMBER_OBJECT_CONVERSION = YES_AGGRESSIVE;
				CLANG_CXX_LANGUAGE_STANDARD = "gnu++20";
				CLANG_ENABLE_MODULES = YES;
				CLANG_ENABLE_OBJC_ARC = YES;
				CLANG_ENABLE_OBJC_WEAK = YES;
				CLANG_WARN_BLOCK_CAPTURE_AUTORELEASING = YES;
				CLANG_WARN_BOOL_CONVERSION = YES;
				CLANG_WARN_COMMA = YES;
				CLANG_WARN_CONSTANT_CONVERSION = YES;
				CLANG_WARN_DEPRECATED_OBJC_IMPLEMENTATIONS = YES;
				CLANG_WARN_DIRECT_OBJC_ISA_USAGE = YES_ERROR;
				CLANG_WARN_DOCUMENTATION_COMMENTS = YES;
				CLANG_WARN_EMPTY_BODY = YES;
				CLANG_WARN_ENUM_CONVERSION = YES;
				CLANG_WARN_INFINITE_RECURSION = YES;
				CLANG_WARN_INT_CONVERSION = YES;
				CLANG_WARN_NON_LITERAL_NULL_CONVERSION = YES;
				CLANG_WARN_OBJC_IMPLICIT_RETAIN_SELF = YES;
				CLANG_WARN_OBJC_LITERAL_CONVERSION = YES;
				CLANG_WARN_OBJC_ROOT_CLASS = YES_ERROR;
				CLANG_WARN_QUOTED_INCLUDE_IN_FRAMEWORK_HEADER = YES;
				CLANG_WARN_RANGE_LOOP_ANALYSIS = YES;
				CLANG_WARN_STRICT_PROTOTYPES = YES;
				CLANG_WARN_SUSPICIOUS_MOVE = YES;
				CLANG_WARN_UNGUARDED_AVAILABILITY = YES_AGGRESSIVE;
				CLANG_WARN_UNREACHABLE_CODE = YES;
				CLANG_WARN__DUPLICATE_METHOD_MATCH = YES;
				COPY_PHASE_STRIP = NO;
				DEBUG_INFORMATION_FORMAT = "dwarf-with-dsym";
				ENABLE_NS_ASSERTIONS = NO;
				ENABLE_STRICT_OBJC_MSGSEND = YES;
				ENABLE_USER_SCRIPT_SANDBOXING = YES;
				GCC_C_LANGUAGE_STANDARD = gnu17;
				GCC_NO_COMMON_BLOCKS = YES;
				GCC_WARN_64_TO_32_BIT_CONVERSION = YES;
				GCC_WARN_ABOUT_RETURN_TYPE = YES_ERROR;
				GCC_WARN_UNDECLARED_SELECTOR = YES;
				GCC_WARN_UNINITIALIZED_AUTOS = YES_AGGRESSIVE;
				GCC_WARN_UNUSED_FUNCTION = YES;
				GCC_WARN_UNUSED_VARIABLE = YES;
				IPHONEOS_DEPLOYMENT_TARGET = 18.5;
				LOCALIZATION_PREFERS_STRING_CATALOGS = YES;
				MTL_ENABLE_DEBUG_INFO = NO;
				MTL_FAST_MATH = YES;
				SDKROOT = iphoneos;
				SWIFT_COMPILATION_MODE = wholemodule;
				VALIDATE_PRODUCT = YES;
			};
			name = Release;
		};
		151730962F3265C000B74B0A /* Debug */ = {
			isa = XCBuildConfiguration;
			buildSettings = {
				BUNDLE_LOADER = "$(TEST_HOST)";
				CODE_SIGN_STYLE = Automatic;
				CURRENT_PROJECT_VERSION = 1;
				GENERATE_INFOPLIST_FILE = YES;
				IPHONEOS_DEPLOYMENT_TARGET = 18.5;
				MARKETING_VERSION = 1.0;
				PRODUCT_BUNDLE_IDENTIFIER = com.test.app.MoviaAppTestTests;
				PRODUCT_NAME = "$(TARGET_NAME)";
				SWIFT_EMIT_LOC_STRINGS = NO;
				SWIFT_VERSION = 5.0;
				TARGETED_DEVICE_FAMILY = "1,2";
				TEST_HOST = "$(BUILT_PRODUCTS_DIR)/MoviaAppTest.app/$(BUNDLE_EXECUTABLE_FOLDER_PATH)/MoviaAppTest";
			};
			name = Debug;
		};
		151730972F3265C000B74B0A /* Release */ = {
			isa = XCBuildConfiguration;
			buildSettings = {
				BUNDLE_LOADER = "$(TEST_HOST)";
				CODE_SIGN_STYLE = Automatic;
				CURRENT_PROJECT_VERSION = 1;
				GENERATE_INFOPLIST_FILE = YES;
				IPHONEOS_DEPLOYMENT_TARGET = 18.5;
				MARKETING_VERSION = 1.0;
				PRODUCT_BUNDLE_IDENTIFIER = com.test.app.MoviaAppTestTests;
				PRODUCT_NAME = "$(TARGET_NAME)";
				SWIFT_EMIT_LOC_STRINGS = NO;
				SWIFT_VERSION = 5.0;
				TARGETED_DEVICE_FAMILY = "1,2";
				TEST_HOST = "$(BUILT_PRODUCTS_DIR)/MoviaAppTest.app/$(BUNDLE_EXECUTABLE_FOLDER_PATH)/MoviaAppTest";
			};
			name = Release;
		};
		151730992F3265C000B74B0A /* Debug */ = {
			isa = XCBuildConfiguration;
			buildSettings = {
				CODE_SIGN_STYLE = Automatic;
				CURRENT_PROJECT_VERSION = 1;
				GENERATE_INFOPLIST_FILE = YES;
				MARKETING_VERSION = 1.0;
				PRODUCT_BUNDLE_IDENTIFIER = com.test.app.MoviaAppTestUITests;
				PRODUCT_NAME = "$(TARGET_NAME)";
				SWIFT_EMIT_LOC_STRINGS = NO;
				SWIFT_VERSION = 5.0;
				TARGETED_DEVICE_FAMILY = "1,2";
				TEST_TARGET_NAME = MoviaAppTest;
			};
			name = Debug;
		};
		1517309A2F3265C000B74B0A /* Release */ = {
			isa = XCBuildConfiguration;
			buildSettings = {
				CODE_SIGN_STYLE = Automatic;
				CURRENT_PROJECT_VERSION = 1;
				GENERATE_INFOPLIST_FILE = YES;
				MARKETING_VERSION = 1.0;
				PRODUCT_BUNDLE_IDENTIFIER = com.test.app.MoviaAppTestUITests;
				PRODUCT_NAME = "$(TARGET_NAME)";
				SWIFT_EMIT_LOC_STRINGS = NO;
				SWIFT_VERSION = 5.0;
				TARGETED_DEVICE_FAMILY = "1,2";
				TEST_TARGET_NAME = MoviaAppTest;
			};
			name = Release;
		};
/* End XCBuildConfiguration section */

/* Begin XCConfigurationList section */
		151730622F3265BF00B74B0A /* Build configuration list for PBXProject "MoviaAppTest" */ = {
			isa = XCConfigurationList;
			buildConfigurations = (
				151730932F3265C000B74B0A /* Debug */,
				151730942F3265C000B74B0A /* Release */,
			);
			defaultConfigurationIsVisible = 0;
			defaultConfigurationName = Release;
		};
		151730902F3265C000B74B0A /* Build configuration list for PBXNativeTarget "MoviaAppTest" */ = {
			isa = XCConfigurationList;
			buildConfigurations = (
				151730912F3265C000B74B0A /* Debug */,
				151730922F3265C000B74B0A /* Release */,
			);
			defaultConfigurationIsVisible = 0;
			defaultConfigurationName = Release;
		};
		151730952F3265C000B74B0A /* Build configuration list for PBXNativeTarget "MoviaAppTestTests" */ = {
			isa = XCConfigurationList;
			buildConfigurations = (
				151730962F3265C000B74B0A /* Debug */,
				151730972F3265C000B74B0A /* Release */,
			);
			defaultConfigurationIsVisible = 0;
			defaultConfigurationName = Release;
		};
		151730982F3265C000B74B0A /* Build configuration list for PBXNativeTarget "MoviaAppTestUITests" */ = {
			isa = XCConfigurationList;
			buildConfigurations = (
				151730992F3265C000B74B0A /* Debug */,
				1517309A2F3265C000B74B0A /* Release */,
			);
			defaultConfigurationIsVisible = 0;
			defaultConfigurationName = Release;
		};
/* End XCConfigurationList section */

/* Begin XCRemoteSwiftPackageReference section */
		1517309B2F32663A00B74B0A /* XCRemoteSwiftPackageReference "SwiftyJSON" */ = {
			isa = XCRemoteSwiftPackageReference;
			repositoryURL = "https://github.com/SwiftyJSON/SwiftyJSON";
			requirement = {
				kind = upToNextMajorVersion;
				minimumVersion = 5.0.2;
			};
		};
		1517309D2F32668600B74B0A /* XCRemoteSwiftPackageReference "SDWebImage" */ = {
			isa = XCRemoteSwiftPackageReference;
			repositoryURL = "https://github.com/SDWebImage/SDWebImage";
			requirement = {
				kind = upToNextMajorVersion;
				minimumVersion = 5.21.5;
			};
		};
/* End XCRemoteSwiftPackageReference section */

/* Begin XCSwiftPackageProductDependency section */
		151730BA2F32731600B74B0A /* SwiftyJSON */ = {
			isa = XCSwiftPackageProductDependency;
			package = 1517309B2F32663A00B74B0A /* XCRemoteSwiftPackageReference "SwiftyJSON" */;
			productName = SwiftyJSON;
		};
		151730BC2F32732300B74B0A /* SDWebImage */ = {
			isa = XCSwiftPackageProductDependency;
			package = 1517309D2F32668600B74B0A /* XCRemoteSwiftPackageReference "SDWebImage" */;
			productName = SDWebImage;
		};
		151730BE2F32732700B74B0A /* SDWebImageMapKit */ = {
			isa = XCSwiftPackageProductDependency;
			package = 1517309D2F32668600B74B0A /* XCRemoteSwiftPackageReference "SDWebImage" */;
			productName = SDWebImageMapKit;
		};
/* End XCSwiftPackageProductDependency section */
	};
	rootObject = 1517305F2F3265BF00B74B0A /* Project object */;
}
